
Microsoft Visual Studio Solution File, Format Version 12.00
# Visual Studio Version 17
VisualStudioVersion = 17.8.34309.116
MinimumVisualStudioVersion = 10.0.40219.1
Project("{FAE04EC0-301F-11D3-BF4B-00C04F79EFBC}") = "RoutingWithMVC", "RoutingWithMVC\RoutingWithMVC.csproj", "{ED94452D-9EAC-4DBC-8C6F-1176E57E57D4}"
EndProject
Global
	GlobalSection(SolutionConfigurationPlatforms) = preSolution
		Debug|Any CPU = Debug|Any CPU
		Release|Any CPU = Release|Any CPU
	EndGlobalSection
	GlobalSection(ProjectConfigurationPlatforms) = postSolution
		{ED94452D-9EAC-4DBC-8C6F-1176E57E57D4}.Debug|Any CPU.ActiveCfg = Debug|Any CPU
		{ED94452D-9EAC-4DBC-8C6F-1176E57E57D4}.Debug|Any CPU.Build.0 = Debug|Any CPU
		{ED94452D-9EAC-4DBC-8C6F-1176E57E57D4}.Release|Any CPU.ActiveCfg = Release|Any CPU
		{ED94452D-9EAC-4DBC-8C6F-1176E57E57D4}.Release|Any CPU.Build.0 = Release|Any CPU
	EndGlobalSection
	GlobalSection(SolutionProperties) = preSolution
		HideSolutionNode = FALSE
	EndGlobalSection
	GlobalSection(ExtensibilityGlobals) = postSolution
		SolutionGuid = {0AA6644C-61CE-4B59-A2D9-334FD87AF503}
	EndGlobalSection
EndGlobal
