
Microsoft Visual Studio Solution File, Format Version 12.00
# Visual Studio Version 17
VisualStudioVersion = 17.8.34309.116
MinimumVisualStudioVersion = 10.0.40219.1
Project("{FAE04EC0-301F-11D3-BF4B-00C04F79EFBC}") = "ASPCOREMiddleware", "ASPCOREMiddleware\ASPCOREMiddleware.csproj", "{60B6F668-2F44-4343-A81C-5427FE9DE014}"
EndProject
Global
	GlobalSection(SolutionConfigurationPlatforms) = preSolution
		Debug|Any CPU = Debug|Any CPU
		Release|Any CPU = Release|Any CPU
	EndGlobalSection
	GlobalSection(ProjectConfigurationPlatforms) = postSolution
		{60B6F668-2F44-4343-A81C-5427FE9DE014}.Debug|Any CPU.ActiveCfg = Debug|Any CPU
		{60B6F668-2F44-4343-A81C-5427FE9DE014}.Debug|Any CPU.Build.0 = Debug|Any CPU
		{60B6F668-2F44-4343-A81C-5427FE9DE014}.Release|Any CPU.ActiveCfg = Release|Any CPU
		{60B6F668-2F44-4343-A81C-5427FE9DE014}.Release|Any CPU.Build.0 = Release|Any CPU
	EndGlobalSection
	GlobalSection(SolutionProperties) = preSolution
		HideSolutionNode = FALSE
	EndGlobalSection
	GlobalSection(ExtensibilityGlobals) = postSolution
		SolutionGuid = {EB1150AE-B181-4721-8CD4-E781A676C984}
	EndGlobalSection
EndGlobal
