
Microsoft Visual Studio Solution File, Format Version 12.00
# Visual Studio Version 17
VisualStudioVersion = 17.8.34309.116
MinimumVisualStudioVersion = 10.0.40219.1
Project("{FAE04EC0-301F-11D3-BF4B-00C04F79EFBC}") = "ImageUploadingAspCore", "ImageUploadingAspCore\ImageUploadingAspCore.csproj", "{AF29B93A-28F3-4647-9158-68D5D6EE4EF3}"
EndProject
Global
	GlobalSection(SolutionConfigurationPlatforms) = preSolution
		Debug|Any CPU = Debug|Any CPU
		Release|Any CPU = Release|Any CPU
	EndGlobalSection
	GlobalSection(ProjectConfigurationPlatforms) = postSolution
		{AF29B93A-28F3-4647-9158-68D5D6EE4EF3}.Debug|Any CPU.ActiveCfg = Debug|Any CPU
		{AF29B93A-28F3-4647-9158-68D5D6EE4EF3}.Debug|Any CPU.Build.0 = Debug|Any CPU
		{AF29B93A-28F3-4647-9158-68D5D6EE4EF3}.Release|Any CPU.ActiveCfg = Release|Any CPU
		{AF29B93A-28F3-4647-9158-68D5D6EE4EF3}.Release|Any CPU.Build.0 = Release|Any CPU
	EndGlobalSection
	GlobalSection(SolutionProperties) = preSolution
		HideSolutionNode = FALSE
	EndGlobalSection
	GlobalSection(ExtensibilityGlobals) = postSolution
		SolutionGuid = {1742B974-5F2A-43D2-95FB-E0ABB6AF60B5}
	EndGlobalSection
EndGlobal
