
Microsoft Visual Studio Solution File, Format Version 12.00
# Visual Studio Version 17
VisualStudioVersion = 17.8.34309.116
MinimumVisualStudioVersion = 10.0.40219.1
Project("{FAE04EC0-301F-11D3-BF4B-00C04F79EFBC}") = "ModelValidators", "ModelValidators\ModelValidators.csproj", "{B796DB6D-0465-425D-B185-7D7C8D42502D}"
EndProject
Global
	GlobalSection(SolutionConfigurationPlatforms) = preSolution
		Debug|Any CPU = Debug|Any CPU
		Release|Any CPU = Release|Any CPU
	EndGlobalSection
	GlobalSection(ProjectConfigurationPlatforms) = postSolution
		{B796DB6D-0465-425D-B185-7D7C8D42502D}.Debug|Any CPU.ActiveCfg = Debug|Any CPU
		{B796DB6D-0465-425D-B185-7D7C8D42502D}.Debug|Any CPU.Build.0 = Debug|Any CPU
		{B796DB6D-0465-425D-B185-7D7C8D42502D}.Release|Any CPU.ActiveCfg = Release|Any CPU
		{B796DB6D-0465-425D-B185-7D7C8D42502D}.Release|Any CPU.Build.0 = Release|Any CPU
	EndGlobalSection
	GlobalSection(SolutionProperties) = preSolution
		HideSolutionNode = FALSE
	EndGlobalSection
	GlobalSection(ExtensibilityGlobals) = postSolution
		SolutionGuid = {251A976F-427E-4568-B0F7-9023022ED521}
	EndGlobalSection
EndGlobal
