
Microsoft Visual Studio Solution File, Format Version 12.00
# Visual Studio Version 17
VisualStudioVersion = 17.8.34309.116
MinimumVisualStudioVersion = 10.0.40219.1
Project("{FAE04EC0-301F-11D3-BF4B-00C04F79EFBC}") = "AspCoreWebAPI", "AspCoreWebAPI\AspCoreWebAPI.csproj", "{A3792D0A-3E81-463B-9C05-276CCE27D00A}"
EndProject
Global
	GlobalSection(SolutionConfigurationPlatforms) = preSolution
		Debug|Any CPU = Debug|Any CPU
		Release|Any CPU = Release|Any CPU
	EndGlobalSection
	GlobalSection(ProjectConfigurationPlatforms) = postSolution
		{A3792D0A-3E81-463B-9C05-276CCE27D00A}.Debug|Any CPU.ActiveCfg = Debug|Any CPU
		{A3792D0A-3E81-463B-9C05-276CCE27D00A}.Debug|Any CPU.Build.0 = Debug|Any CPU
		{A3792D0A-3E81-463B-9C05-276CCE27D00A}.Release|Any CPU.ActiveCfg = Release|Any CPU
		{A3792D0A-3E81-463B-9C05-276CCE27D00A}.Release|Any CPU.Build.0 = Release|Any CPU
	EndGlobalSection
	GlobalSection(SolutionProperties) = preSolution
		HideSolutionNode = FALSE
	EndGlobalSection
	GlobalSection(ExtensibilityGlobals) = postSolution
		SolutionGuid = {A1A3A390-C095-4E2C-9931-716A9F996816}
	EndGlobalSection
EndGlobal
