
Microsoft Visual Studio Solution File, Format Version 12.00
# Visual Studio Version 17
VisualStudioVersion = 17.8.34309.116
MinimumVisualStudioVersion = 10.0.40219.1
Project("{FAE04EC0-301F-11D3-BF4B-00C04F79EFBC}") = "ASPIdentityApp", "ASPIdentityApp\ASPIdentityApp.csproj", "{E419274B-801A-4D32-BFB4-B9E9B7E1746B}"
EndProject
Global
	GlobalSection(SolutionConfigurationPlatforms) = preSolution
		Debug|Any CPU = Debug|Any CPU
		Release|Any CPU = Release|Any CPU
	EndGlobalSection
	GlobalSection(ProjectConfigurationPlatforms) = postSolution
		{E419274B-801A-4D32-BFB4-B9E9B7E1746B}.Debug|Any CPU.ActiveCfg = Debug|Any CPU
		{E419274B-801A-4D32-BFB4-B9E9B7E1746B}.Debug|Any CPU.Build.0 = Debug|Any CPU
		{E419274B-801A-4D32-BFB4-B9E9B7E1746B}.Release|Any CPU.ActiveCfg = Release|Any CPU
		{E419274B-801A-4D32-BFB4-B9E9B7E1746B}.Release|Any CPU.Build.0 = Release|Any CPU
	EndGlobalSection
	GlobalSection(SolutionProperties) = preSolution
		HideSolutionNode = FALSE
	EndGlobalSection
	GlobalSection(ExtensibilityGlobals) = postSolution
		SolutionGuid = {8A04D785-D0F6-4870-873D-21A77F75B1F3}
	EndGlobalSection
EndGlobal
