
Microsoft Visual Studio Solution File, Format Version 12.00
# Visual Studio Version 17
VisualStudioVersion = 17.8.34309.116
MinimumVisualStudioVersion = 10.0.40219.1
Project("{FAE04EC0-301F-11D3-BF4B-00C04F79EFBC}") = "FirstASP.NET", "FirstASP.NET\FirstASP.NET.csproj", "{C9E7EBD0-D484-45A1-9B77-CF41EAD9DC20}"
EndProject
Global
	GlobalSection(SolutionConfigurationPlatforms) = preSolution
		Debug|Any CPU = Debug|Any CPU
		Release|Any CPU = Release|Any CPU
	EndGlobalSection
	GlobalSection(ProjectConfigurationPlatforms) = postSolution
		{C9E7EBD0-D484-45A1-9B77-CF41EAD9DC20}.Debug|Any CPU.ActiveCfg = Debug|Any CPU
		{C9E7EBD0-D484-45A1-9B77-CF41EAD9DC20}.Debug|Any CPU.Build.0 = Debug|Any CPU
		{C9E7EBD0-D484-45A1-9B77-CF41EAD9DC20}.Release|Any CPU.ActiveCfg = Release|Any CPU
		{C9E7EBD0-D484-45A1-9B77-CF41EAD9DC20}.Release|Any CPU.Build.0 = Release|Any CPU
	EndGlobalSection
	GlobalSection(SolutionProperties) = preSolution
		HideSolutionNode = FALSE
	EndGlobalSection
	GlobalSection(ExtensibilityGlobals) = postSolution
		SolutionGuid = {7711882C-2BFC-4F48-8CA4-2889CF2F5746}
	EndGlobalSection
EndGlobal
